// !$*UTF8*$!
{
	archiveVersion = 1;
	classes = {
	};
	objectVersion = 46;
	objects = {

/* Begin PBXBuildFile section */
		509526981B2827F800E56184 /* main.m in Sources */ = {isa = PBXBuildFile; fileRef = 509526971B2827F800E56184 /* main.m */; };
		5095269B1B2827F800E56184 /* AppDelegate.m in Sources */ = {isa = PBXBuildFile; fileRef = 5095269A1B2827F800E56184 /* AppDelegate.m */; };
		5095269E1B2827F800E56184 /* ViewController.m in Sources */ = {isa = PBXBuildFile; fileRef = 5095269D1B2827F800E56184 /* ViewController.m */; };
		509526A11B2827F800E56184 /* Main.storyboard in Resources */ = {isa = PBXBuildFile; fileRef = 5095269F1B2827F800E56184 /* Main.storyboard */; };
		509526A31B2827F800E56184 /* Images.xcassets in Resources */ = {isa = PBXBuildFile; fileRef = 509526A21B2827F800E56184 /* Images.xcassets */; };
		509526A61B2827F800E56184 /* LaunchScreen.xib in Resources */ = {isa = PBXBuildFile; fileRef = 509526A41B2827F800E56184 /* LaunchScreen.xib */; };
		509526B21B2827F800E56184 /* ________Tests.m in Sources */ = {isa = PBXBuildFile; fileRef = 509526B11B2827F800E56184 /* ________Tests.m */; };
		509526D51B282BBD00E56184 /* AFHTTPRequestOperation.m in Sources */ = {isa = PBXBuildFile; fileRef = 509526BD1B282BBD00E56184 /* AFHTTPRequestOperation.m */; };
		509526D61B282BBD00E56184 /* AFHTTPRequestOperationManager.m in Sources */ = {isa = PBXBuildFile; fileRef = 509526BF1B282BBD00E56184 /* AFHTTPRequestOperationManager.m */; };
		509526D71B282BBD00E56184 /* AFHTTPSessionManager.m in Sources */ = {isa = PBXBuildFile; fileRef = 509526C11B282BBD00E56184 /* AFHTTPSessionManager.m */; };
		509526D81B282BBD00E56184 /* AFNetworkReachabilityManager.m in Sources */ = {isa = PBXBuildFile; fileRef = 509526C41B282BBD00E56184 /* AFNetworkReachabilityManager.m */; };
		509526D91B282BBD00E56184 /* AFSecurityPolicy.m in Sources */ = {isa = PBXBuildFile; fileRef = 509526C61B282BBD00E56184 /* AFSecurityPolicy.m */; };
		509526DA1B282BBD00E56184 /* AFURLConnectionOperation.m in Sources */ = {isa = PBXBuildFile; fileRef = 509526C81B282BBD00E56184 /* AFURLConnectionOperation.m */; };
		509526DB1B282BBD00E56184 /* AFURLRequestSerialization.m in Sources */ = {isa = PBXBuildFile; fileRef = 509526CA1B282BBD00E56184 /* AFURLRequestSerialization.m */; };
		509526DC1B282BBD00E56184 /* AFURLResponseSerialization.m in Sources */ = {isa = PBXBuildFile; fileRef = 509526CC1B282BBD00E56184 /* AFURLResponseSerialization.m */; };
		509526DD1B282BBD00E56184 /* AFURLSessionManager.m in Sources */ = {isa = PBXBuildFile; fileRef = 509526CE1B282BBD00E56184 /* AFURLSessionManager.m */; };
		509526DE1B282BBD00E56184 /* MBProgressHUD+Add.m in Sources */ = {isa = PBXBuildFile; fileRef = 509526D11B282BBD00E56184 /* MBProgressHUD+Add.m */; };
		509526DF1B282BBD00E56184 /* MBProgressHUD.bundle in Resources */ = {isa = PBXBuildFile; fileRef = 509526D21B282BBD00E56184 /* MBProgressHUD.bundle */; };
		509526E01B282BBD00E56184 /* MBProgressHUD.m in Sources */ = {isa = PBXBuildFile; fileRef = 509526D41B282BBD00E56184 /* MBProgressHUD.m */; };
/* End PBXBuildFile section */

/* Begin PBXContainerItemProxy section */
		509526AC1B2827F800E56184 /* PBXContainerItemProxy */ = {
			isa = PBXContainerItemProxy;
			containerPortal = 5095268A1B2827F800E56184 /* Project object */;
			proxyType = 1;
			remoteGlobalIDString = 509526911B2827F800E56184;
			remoteInfo = "判断当前网络状态";
		};
/* End PBXContainerItemProxy section */

/* Begin PBXFileReference section */
		509526921B2827F800E56184 /* 判断当前网络状态.app */ = {isa = PBXFileReference; explicitFileType = wrapper.application; includeInIndex = 0; path = "判断当前网络状态.app"; sourceTree = BUILT_PRODUCTS_DIR; };
		509526961B2827F800E56184 /* Info.plist */ = {isa = PBXFileReference; lastKnownFileType = text.plist.xml; path = Info.plist; sourceTree = "<group>"; };
		509526971B2827F800E56184 /* main.m */ = {isa = PBXFileReference; lastKnownFileType = sourcecode.c.objc; path = main.m; sourceTree = "<group>"; };
		509526991B2827F800E56184 /* AppDelegate.h */ = {isa = PBXFileReference; lastKnownFileType = sourcecode.c.h; path = AppDelegate.h; sourceTree = "<group>"; };
		5095269A1B2827F800E56184 /* AppDelegate.m */ = {isa = PBXFileReference; lastKnownFileType = sourcecode.c.objc; path = AppDelegate.m; sourceTree = "<group>"; };
		5095269C1B2827F800E56184 /* ViewController.h */ = {isa = PBXFileReference; lastKnownFileType = sourcecode.c.h; path = ViewController.h; sourceTree = "<group>"; };
		5095269D1B2827F800E56184 /* ViewController.m */ = {isa = PBXFileReference; lastKnownFileType = sourcecode.c.objc; path = ViewController.m; sourceTree = "<group>"; };
		509526A01B2827F800E56184 /* Base */ = {isa = PBXFileReference; lastKnownFileType = file.storyboard; name = Base; path = Base.lproj/Main.storyboard; sourceTree = "<group>"; };
		509526A21B2827F800E56184 /* Images.xcassets */ = {isa = PBXFileReference; lastKnownFileType = folder.assetcatalog; path = Images.xcassets; sourceTree = "<group>"; };
		509526A51B2827F800E56184 /* Base */ = {isa = PBXFileReference; lastKnownFileType = file.xib; name = Base; path = Base.lproj/LaunchScreen.xib; sourceTree = "<group>"; };
		509526AB1B2827F800E56184 /* 判断当前网络状态Tests.xctest */ = {isa = PBXFileReference; explicitFileType = wrapper.cfbundle; includeInIndex = 0; path = "判断当前网络状态Tests.xctest"; sourceTree = BUILT_PRODUCTS_DIR; };
		509526B01B2827F800E56184 /* Info.plist */ = {isa = PBXFileReference; lastKnownFileType = text.plist.xml; path = Info.plist; sourceTree = "<group>"; };
		509526B11B2827F800E56184 /* ________Tests.m */ = {isa = PBXFileReference; lastKnownFileType = sourcecode.c.objc; path = "________Tests.m"; sourceTree = "<group>"; };
		509526BC1B282BBD00E56184 /* AFHTTPRequestOperation.h */ = {isa = PBXFileReference; fileEncoding = 4; lastKnownFileType = sourcecode.c.h; path = AFHTTPRequestOperation.h; sourceTree = "<group>"; };
		509526BD1B282BBD00E56184 /* AFHTTPRequestOperation.m */ = {isa = PBXFileReference; fileEncoding = 4; lastKnownFileType = sourcecode.c.objc; path = AFHTTPRequestOperation.m; sourceTree = "<group>"; };
		509526BE1B282BBD00E56184 /* AFHTTPRequestOperationManager.h */ = {isa = PBXFileReference; fileEncoding = 4; lastKnownFileType = sourcecode.c.h; path = AFHTTPRequestOperationManager.h; sourceTree = "<group>"; };
		509526BF1B282BBD00E56184 /* AFHTTPRequestOperationManager.m */ = {isa = PBXFileReference; fileEncoding = 4; lastKnownFileType = sourcecode.c.objc; path = AFHTTPRequestOperationManager.m; sourceTree = "<group>"; };
		509526C01B282BBD00E56184 /* AFHTTPSessionManager.h */ = {isa = PBXFileReference; fileEncoding = 4; lastKnownFileType = sourcecode.c.h; path = AFHTTPSessionManager.h; sourceTree = "<group>"; };
		509526C11B282BBD00E56184 /* AFHTTPSessionManager.m */ = {isa = PBXFileReference; fileEncoding = 4; lastKnownFileType = sourcecode.c.objc; path = AFHTTPSessionManager.m; sourceTree = "<group>"; };
		509526C21B282BBD00E56184 /* AFNetworking.h */ = {isa = PBXFileReference; fileEncoding = 4; lastKnownFileType = sourcecode.c.h; path = AFNetworking.h; sourceTree = "<group>"; };
		509526C31B282BBD00E56184 /* AFNetworkReachabilityManager.h */ = {isa = PBXFileReference; fileEncoding = 4; lastKnownFileType = sourcecode.c.h; path = AFNetworkReachabilityManager.h; sourceTree = "<group>"; };
		509526C41B282BBD00E56184 /* AFNetworkReachabilityManager.m */ = {isa = PBXFileReference; fileEncoding = 4; lastKnownFileType = sourcecode.c.objc; path = AFNetworkReachabilityManager.m; sourceTree = "<group>"; };
		509526C51B282BBD00E56184 /* AFSecurityPolicy.h */ = {isa = PBXFileReference; fileEncoding = 4; lastKnownFileType = sourcecode.c.h; path = AFSecurityPolicy.h; sourceTree = "<group>"; };
		509526C61B282BBD00E56184 /* AFSecurityPolicy.m */ = {isa = PBXFileReference; fileEncoding = 4; lastKnownFileType = sourcecode.c.objc; path = AFSecurityPolicy.m; sourceTree = "<group>"; };
		509526C71B282BBD00E56184 /* AFURLConnectionOperation.h */ = {isa = PBXFileReference; fileEncoding = 4; lastKnownFileType = sourcecode.c.h; path = AFURLConnectionOperation.h; sourceTree = "<group>"; };
		509526C81B282BBD00E56184 /* AFURLConnectionOperation.m */ = {isa = PBXFileReference; fileEncoding = 4; lastKnownFileType = sourcecode.c.objc; path = AFURLConnectionOperation.m; sourceTree = "<group>"; };
		509526C91B282BBD00E56184 /* AFURLRequestSerialization.h */ = {isa = PBXFileReference; fileEncoding = 4; lastKnownFileType = sourcecode.c.h; path = AFURLRequestSerialization.h; sourceTree = "<group>"; };
		509526CA1B282BBD00E56184 /* AFURLRequestSerialization.m */ = {isa = PBXFileReference; fileEncoding = 4; lastKnownFileType = sourcecode.c.objc; path = AFURLRequestSerialization.m; sourceTree = "<group>"; };
		509526CB1B282BBD00E56184 /* AFURLResponseSerialization.h */ = {isa = PBXFileReference; fileEncoding = 4; lastKnownFileType = sourcecode.c.h; path = AFURLResponseSerialization.h; sourceTree = "<group>"; };
		509526CC1B282BBD00E56184 /* AFURLResponseSerialization.m */ = {isa = PBXFileReference; fileEncoding = 4; lastKnownFileType = sourcecode.c.objc; path = AFURLResponseSerialization.m; sourceTree = "<group>"; };
		509526CD1B282BBD00E56184 /* AFURLSessionManager.h */ = {isa = PBXFileReference; fileEncoding = 4; lastKnownFileType = sourcecode.c.h; path = AFURLSessionManager.h; sourceTree = "<group>"; };
		509526CE1B282BBD00E56184 /* AFURLSessionManager.m */ = {isa = PBXFileReference; fileEncoding = 4; lastKnownFileType = sourcecode.c.objc; path = AFURLSessionManager.m; sourceTree = "<group>"; };
		509526D01B282BBD00E56184 /* MBProgressHUD+Add.h */ = {isa = PBXFileReference; fileEncoding = 4; lastKnownFileType = sourcecode.c.h; path = "MBProgressHUD+Add.h"; sourceTree = "<group>"; };
		509526D11B282BBD00E56184 /* MBProgressHUD+Add.m */ = {isa = PBXFileReference; fileEncoding = 4; lastKnownFileType = sourcecode.c.objc; path = "MBProgressHUD+Add.m"; sourceTree = "<group>"; };
		509526D21B282BBD00E56184 /* MBProgressHUD.bundle */ = {isa = PBXFileReference; lastKnownFileType = "wrapper.plug-in"; path = MBProgressHUD.bundle; sourceTree = "<group>"; };
		509526D31B282BBD00E56184 /* MBProgressHUD.h */ = {isa = PBXFileReference; fileEncoding = 4; lastKnownFileType = sourcecode.c.h; path = MBProgressHUD.h; sourceTree = "<group>"; };
		509526D41B282BBD00E56184 /* MBProgressHUD.m */ = {isa = PBXFileReference; fileEncoding = 4; lastKnownFileType = sourcecode.c.objc; path = MBProgressHUD.m; sourceTree = "<group>"; };
/* End PBXFileReference section */

/* Begin PBXFrameworksBuildPhase section */
		5095268F1B2827F800E56184 /* Frameworks */ = {
			isa = PBXFrameworksBuildPhase;
			buildActionMask = 2147483647;
			files = (
			);
			runOnlyForDeploymentPostprocessing = 0;
		};
		509526A81B2827F800E56184 /* Frameworks */ = {
			isa = PBXFrameworksBuildPhase;
			buildActionMask = 2147483647;
			files = (
			);
			runOnlyForDeploymentPostprocessing = 0;
		};
/* End PBXFrameworksBuildPhase section */

/* Begin PBXGroup section */
		509526891B2827F800E56184 = {
			isa = PBXGroup;
			children = (
				509526941B2827F800E56184 /* 判断当前网络状态 */,
				509526AE1B2827F800E56184 /* 判断当前网络状态Tests */,
				509526931B2827F800E56184 /* Products */,
			);
			sourceTree = "<group>";
		};
		509526931B2827F800E56184 /* Products */ = {
			isa = PBXGroup;
			children = (
				509526921B2827F800E56184 /* 判断当前网络状态.app */,
				509526AB1B2827F800E56184 /* 判断当前网络状态Tests.xctest */,
			);
			name = Products;
			sourceTree = "<group>";
		};
		509526941B2827F800E56184 /* 判断当前网络状态 */ = {
			isa = PBXGroup;
			children = (
				509526BB1B282BBD00E56184 /* AFNetworking */,
				509526991B2827F800E56184 /* AppDelegate.h */,
				5095269A1B2827F800E56184 /* AppDelegate.m */,
				5095269C1B2827F800E56184 /* ViewController.h */,
				5095269D1B2827F800E56184 /* ViewController.m */,
				5095269F1B2827F800E56184 /* Main.storyboard */,
				509526A21B2827F800E56184 /* Images.xcassets */,
				509526A41B2827F800E56184 /* LaunchScreen.xib */,
				509526951B2827F800E56184 /* Supporting Files */,
			);
			path = "判断当前网络状态";
			sourceTree = "<group>";
		};
		509526951B2827F800E56184 /* Supporting Files */ = {
			isa = PBXGroup;
			children = (
				509526961B2827F800E56184 /* Info.plist */,
				509526971B2827F800E56184 /* main.m */,
			);
			name = "Supporting Files";
			sourceTree = "<group>";
		};
		509526AE1B2827F800E56184 /* 判断当前网络状态Tests */ = {
			isa = PBXGroup;
			children = (
				509526B11B2827F800E56184 /* ________Tests.m */,
				509526AF1B2827F800E56184 /* Supporting Files */,
			);
			path = "判断当前网络状态Tests";
			sourceTree = "<group>";
		};
		509526AF1B2827F800E56184 /* Supporting Files */ = {
			isa = PBXGroup;
			children = (
				509526B01B2827F800E56184 /* Info.plist */,
			);
			name = "Supporting Files";
			sourceTree = "<group>";
		};
		509526BB1B282BBD00E56184 /* AFNetworking */ = {
			isa = PBXGroup;
			children = (
				509526BC1B282BBD00E56184 /* AFHTTPRequestOperation.h */,
				509526BD1B282BBD00E56184 /* AFHTTPRequestOperation.m */,
				509526BE1B282BBD00E56184 /* AFHTTPRequestOperationManager.h */,
				509526BF1B282BBD00E56184 /* AFHTTPRequestOperationManager.m */,
				509526C01B282BBD00E56184 /* AFHTTPSessionManager.h */,
				509526C11B282BBD00E56184 /* AFHTTPSessionManager.m */,
				509526C21B282BBD00E56184 /* AFNetworking.h */,
				509526C31B282BBD00E56184 /* AFNetworkReachabilityManager.h */,
				509526C41B282BBD00E56184 /* AFNetworkReachabilityManager.m */,
				509526C51B282BBD00E56184 /* AFSecurityPolicy.h */,
				509526C61B282BBD00E56184 /* AFSecurityPolicy.m */,
				509526C71B282BBD00E56184 /* AFURLConnectionOperation.h */,
				509526C81B282BBD00E56184 /* AFURLConnectionOperation.m */,
				509526C91B282BBD00E56184 /* AFURLRequestSerialization.h */,
				509526CA1B282BBD00E56184 /* AFURLRequestSerialization.m */,
				509526CB1B282BBD00E56184 /* AFURLResponseSerialization.h */,
				509526CC1B282BBD00E56184 /* AFURLResponseSerialization.m */,
				509526CD1B282BBD00E56184 /* AFURLSessionManager.h */,
				509526CE1B282BBD00E56184 /* AFURLSessionManager.m */,
				509526CF1B282BBD00E56184 /* MBProgressHUD */,
			);
			name = AFNetworking;
			path = ../AFNetworking;
			sourceTree = "<group>";
		};
		509526CF1B282BBD00E56184 /* MBProgressHUD */ = {
			isa = PBXGroup;
			children = (
				509526D01B282BBD00E56184 /* MBProgressHUD+Add.h */,
				509526D11B282BBD00E56184 /* MBProgressHUD+Add.m */,
				509526D21B282BBD00E56184 /* MBProgressHUD.bundle */,
				509526D31B282BBD00E56184 /* MBProgressHUD.h */,
				509526D41B282BBD00E56184 /* MBProgressHUD.m */,
			);
			path = MBProgressHUD;
			sourceTree = "<group>";
		};
/* End PBXGroup section */

/* Begin PBXNativeTarget section */
		509526911B2827F800E56184 /* 判断当前网络状态 */ = {
			isa = PBXNativeTarget;
			buildConfigurationList = 509526B51B2827F800E56184 /* Build configuration list for PBXNativeTarget "判断当前网络状态" */;
			buildPhases = (
				5095268E1B2827F800E56184 /* Sources */,
				5095268F1B2827F800E56184 /* Frameworks */,
				509526901B2827F800E56184 /* Resources */,
			);
			buildRules = (
			);
			dependencies = (
			);
			name = "判断当前网络状态";
			productName = "判断当前网络状态";
			productReference = 509526921B2827F800E56184 /* 判断当前网络状态.app */;
			productType = "com.apple.product-type.application";
		};
		509526AA1B2827F800E56184 /* 判断当前网络状态Tests */ = {
			isa = PBXNativeTarget;
			buildConfigurationList = 509526B81B2827F800E56184 /* Build configuration list for PBXNativeTarget "判断当前网络状态Tests" */;
			buildPhases = (
				509526A71B2827F800E56184 /* Sources */,
				509526A81B2827F800E56184 /* Frameworks */,
				509526A91B2827F800E56184 /* Resources */,
			);
			buildRules = (
			);
			dependencies = (
				509526AD1B2827F800E56184 /* PBXTargetDependency */,
			);
			name = "判断当前网络状态Tests";
			productName = "判断当前网络状态Tests";
			productReference = 509526AB1B2827F800E56184 /* 判断当前网络状态Tests.xctest */;
			productType = "com.apple.product-type.bundle.unit-test";
		};
/* End PBXNativeTarget section */

/* Begin PBXProject section */
		5095268A1B2827F800E56184 /* Project object */ = {
			isa = PBXProject;
			attributes = {
				LastUpgradeCheck = 0630;
				ORGANIZATIONNAME = Kevin;
				TargetAttributes = {
					509526911B2827F800E56184 = {
						CreatedOnToolsVersion = 6.3.2;
					};
					509526AA1B2827F800E56184 = {
						CreatedOnToolsVersion = 6.3.2;
						TestTargetID = 509526911B2827F800E56184;
					};
				};
			};
			buildConfigurationList = 5095268D1B2827F800E56184 /* Build configuration list for PBXProject "判断当前网络状态" */;
			compatibilityVersion = "Xcode 3.2";
			developmentRegion = English;
			hasScannedForEncodings = 0;
			knownRegions = (
				en,
				Base,
			);
			mainGroup = 509526891B2827F800E56184;
			productRefGroup = 509526931B2827F800E56184 /* Products */;
			projectDirPath = "";
			projectRoot = "";
			targets = (
				509526911B2827F800E56184 /* 判断当前网络状态 */,
				509526AA1B2827F800E56184 /* 判断当前网络状态Tests */,
			);
		};
/* End PBXProject section */

/* Begin PBXResourcesBuildPhase section */
		509526901B2827F800E56184 /* Resources */ = {
			isa = PBXResourcesBuildPhase;
			buildActionMask = 2147483647;
			files = (
				509526A11B2827F800E56184 /* Main.storyboard in Resources */,
				509526DF1B282BBD00E56184 /* MBProgressHUD.bundle in Resources */,
				509526A61B2827F800E56184 /* LaunchScreen.xib in Resources */,
				509526A31B2827F800E56184 /* Images.xcassets in Resources */,
			);
			runOnlyForDeploymentPostprocessing = 0;
		};
		509526A91B2827F800E56184 /* Resources */ = {
			isa = PBXResourcesBuildPhase;
			buildActionMask = 2147483647;
			files = (
			);
			runOnlyForDeploymentPostprocessing = 0;
		};
/* End PBXResourcesBuildPhase section */

/* Begin PBXSourcesBuildPhase section */
		5095268E1B2827F800E56184 /* Sources */ = {
			isa = PBXSourcesBuildPhase;
			buildActionMask = 2147483647;
			files = (
				509526D51B282BBD00E56184 /* AFHTTPRequestOperation.m in Sources */,
				5095269E1B2827F800E56184 /* ViewController.m in Sources */,
				509526D61B282BBD00E56184 /* AFHTTPRequestOperationManager.m in Sources */,
				509526D81B282BBD00E56184 /* AFNetworkReachabilityManager.m in Sources */,
				509526DC1B282BBD00E56184 /* AFURLResponseSerialization.m in Sources */,
				509526DA1B282BBD00E56184 /* AFURLConnectionOperation.m in Sources */,
				509526D91B282BBD00E56184 /* AFSecurityPolicy.m in Sources */,
				509526DE1B282BBD00E56184 /* MBProgressHUD+Add.m in Sources */,
				509526D71B282BBD00E56184 /* AFHTTPSessionManager.m in Sources */,
				509526DB1B282BBD00E56184 /* AFURLRequestSerialization.m in Sources */,
				509526DD1B282BBD00E56184 /* AFURLSessionManager.m in Sources */,
				5095269B1B2827F800E56184 /* AppDelegate.m in Sources */,
				509526981B2827F800E56184 /* main.m in Sources */,
				509526E01B282BBD00E56184 /* MBProgressHUD.m in Sources */,
			);
			runOnlyForDeploymentPostprocessing = 0;
		};
		509526A71B2827F800E56184 /* Sources */ = {
			isa = PBXSourcesBuildPhase;
			buildActionMask = 2147483647;
			files = (
				509526B21B2827F800E56184 /* ________Tests.m in Sources */,
			);
			runOnlyForDeploymentPostprocessing = 0;
		};
/* End PBXSourcesBuildPhase section */

/* Begin PBXTargetDependency section */
		509526AD1B2827F800E56184 /* PBXTargetDependency */ = {
			isa = PBXTargetDependency;
			target = 509526911B2827F800E56184 /* 判断当前网络状态 */;
			targetProxy = 509526AC1B2827F800E56184 /* PBXContainerItemProxy */;
		};
/* End PBXTargetDependency section */

/* Begin PBXVariantGroup section */
		5095269F1B2827F800E56184 /* Main.storyboard */ = {
			isa = PBXVariantGroup;
			children = (
				509526A01B2827F800E56184 /* Base */,
			);
			name = Main.storyboard;
			sourceTree = "<group>";
		};
		509526A41B2827F800E56184 /* LaunchScreen.xib */ = {
			isa = PBXVariantGroup;
			children = (
				509526A51B2827F800E56184 /* Base */,
			);
			name = LaunchScreen.xib;
			sourceTree = "<group>";
		};
/* End PBXVariantGroup section */

/* Begin XCBuildConfiguration section */
		509526B31B2827F800E56184 /* Debug */ = {
			isa = XCBuildConfiguration;
			buildSettings = {
				ALWAYS_SEARCH_USER_PATHS = NO;
				CLANG_CXX_LANGUAGE_STANDARD = "gnu++0x";
				CLANG_CXX_LIBRARY = "libc++";
				CLANG_ENABLE_MODULES = YES;
				CLANG_ENABLE_OBJC_ARC = YES;
				CLANG_WARN_BOOL_CONVERSION = YES;
				CLANG_WARN_CONSTANT_CONVERSION = YES;
				CLANG_WARN_DIRECT_OBJC_ISA_USAGE = YES_ERROR;
				CLANG_WARN_EMPTY_BODY = YES;
				CLANG_WARN_ENUM_CONVERSION = YES;
				CLANG_WARN_INT_CONVERSION = YES;
				CLANG_WARN_OBJC_ROOT_CLASS = YES_ERROR;
				CLANG_WARN_UNREACHABLE_CODE = YES;
				CLANG_WARN__DUPLICATE_METHOD_MATCH = YES;
				"CODE_SIGN_IDENTITY[sdk=iphoneos*]" = "iPhone Developer";
				COPY_PHASE_STRIP = NO;
				DEBUG_INFORMATION_FORMAT = "dwarf-with-dsym";
				ENABLE_STRICT_OBJC_MSGSEND = YES;
				GCC_C_LANGUAGE_STANDARD = gnu99;
				GCC_DYNAMIC_NO_PIC = NO;
				GCC_NO_COMMON_BLOCKS = YES;
				GCC_OPTIMIZATION_LEVEL = 0;
				GCC_PREPROCESSOR_DEFINITIONS = (
					"DEBUG=1",
					"$(inherited)",
				);
				GCC_SYMBOLS_PRIVATE_EXTERN = NO;
				GCC_WARN_64_TO_32_BIT_CONVERSION = YES;
				GCC_WARN_ABOUT_RETURN_TYPE = YES_ERROR;
				GCC_WARN_UNDECLARED_SELECTOR = YES;
				GCC_WARN_UNINITIALIZED_AUTOS = YES_AGGRESSIVE;
				GCC_WARN_UNUSED_FUNCTION = YES;
				GCC_WARN_UNUSED_VARIABLE = YES;
				IPHONEOS_DEPLOYMENT_TARGET = 8.3;
				MTL_ENABLE_DEBUG_INFO = YES;
				ONLY_ACTIVE_ARCH = YES;
				SDKROOT = iphoneos;
			};
			name = Debug;
		};
		509526B41B2827F800E56184 /* Release */ = {
			isa = XCBuildConfiguration;
			buildSettings = {
				ALWAYS_SEARCH_USER_PATHS = NO;
				CLANG_CXX_LANGUAGE_STANDARD = "gnu++0x";
				CLANG_CXX_LIBRARY = "libc++";
				CLANG_ENABLE_MODULES = YES;
				CLANG_ENABLE_OBJC_ARC = YES;
				CLANG_WARN_BOOL_CONVERSION = YES;
				CLANG_WARN_CONSTANT_CONVERSION = YES;
				CLANG_WARN_DIRECT_OBJC_ISA_USAGE = YES_ERROR;
				CLANG_WARN_EMPTY_BODY = YES;
				CLANG_WARN_ENUM_CONVERSION = YES;
				CLANG_WARN_INT_CONVERSION = YES;
				CLANG_WARN_OBJC_ROOT_CLASS = YES_ERROR;
				CLANG_WARN_UNREACHABLE_CODE = YES;
				CLANG_WARN__DUPLICATE_METHOD_MATCH = YES;
				"CODE_SIGN_IDENTITY[sdk=iphoneos*]" = "iPhone Developer";
				COPY_PHASE_STRIP = NO;
				DEBUG_INFORMATION_FORMAT = "dwarf-with-dsym";
				ENABLE_NS_ASSERTIONS = NO;
				ENABLE_STRICT_OBJC_MSGSEND = YES;
				GCC_C_LANGUAGE_STANDARD = gnu99;
				GCC_NO_COMMON_BLOCKS = YES;
				GCC_WARN_64_TO_32_BIT_CONVERSION = YES;
				GCC_WARN_ABOUT_RETURN_TYPE = YES_ERROR;
				GCC_WARN_UNDECLARED_SELECTOR = YES;
				GCC_WARN_UNINITIALIZED_AUTOS = YES_AGGRESSIVE;
				GCC_WARN_UNUSED_FUNCTION = YES;
				GCC_WARN_UNUSED_VARIABLE = YES;
				IPHONEOS_DEPLOYMENT_TARGET = 8.3;
				MTL_ENABLE_DEBUG_INFO = NO;
				SDKROOT = iphoneos;
				VALIDATE_PRODUCT = YES;
			};
			name = Release;
		};
		509526B61B2827F800E56184 /* Debug */ = {
			isa = XCBuildConfiguration;
			buildSettings = {
				ASSETCATALOG_COMPILER_APPICON_NAME = AppIcon;
				INFOPLIST_FILE = "判断当前网络状态/Info.plist";
				LD_RUNPATH_SEARCH_PATHS = "$(inherited) @executable_path/Frameworks";
				PRODUCT_NAME = "$(TARGET_NAME)";
			};
			name = Debug;
		};
		509526B71B2827F800E56184 /* Release */ = {
			isa = XCBuildConfiguration;
			buildSettings = {
				ASSETCATALOG_COMPILER_APPICON_NAME = AppIcon;
				INFOPLIST_FILE = "判断当前网络状态/Info.plist";
				LD_RUNPATH_SEARCH_PATHS = "$(inherited) @executable_path/Frameworks";
				PRODUCT_NAME = "$(TARGET_NAME)";
			};
			name = Release;
		};
		509526B91B2827F800E56184 /* Debug */ = {
			isa = XCBuildConfiguration;
			buildSettings = {
				BUNDLE_LOADER = "$(TEST_HOST)";
				FRAMEWORK_SEARCH_PATHS = (
					"$(SDKROOT)/Developer/Library/Frameworks",
					"$(inherited)",
				);
				GCC_PREPROCESSOR_DEFINITIONS = (
					"DEBUG=1",
					"$(inherited)",
				);
				INFOPLIST_FILE = "判断当前网络状态Tests/Info.plist";
				LD_RUNPATH_SEARCH_PATHS = "$(inherited) @executable_path/Frameworks @loader_path/Frameworks";
				PRODUCT_NAME = "$(TARGET_NAME)";
				TEST_HOST = "$(BUILT_PRODUCTS_DIR)/判断当前网络状态.app/判断当前网络状态";
			};
			name = Debug;
		};
		509526BA1B2827F800E56184 /* Release */ = {
			isa = XCBuildConfiguration;
			buildSettings = {
				BUNDLE_LOADER = "$(TEST_HOST)";
				FRAMEWORK_SEARCH_PATHS = (
					"$(SDKROOT)/Developer/Library/Frameworks",
					"$(inherited)",
				);
				INFOPLIST_FILE = "判断当前网络状态Tests/Info.plist";
				LD_RUNPATH_SEARCH_PATHS = "$(inherited) @executable_path/Frameworks @loader_path/Frameworks";
				PRODUCT_NAME = "$(TARGET_NAME)";
				TEST_HOST = "$(BUILT_PRODUCTS_DIR)/判断当前网络状态.app/判断当前网络状态";
			};
			name = Release;
		};
/* End XCBuildConfiguration section */

/* Begin XCConfigurationList section */
		5095268D1B2827F800E56184 /* Build configuration list for PBXProject "判断当前网络状态" */ = {
			isa = XCConfigurationList;
			buildConfigurations = (
				509526B31B2827F800E56184 /* Debug */,
				509526B41B2827F800E56184 /* Release */,
			);
			defaultConfigurationIsVisible = 0;
			defaultConfigurationName = Release;
		};
		509526B51B2827F800E56184 /* Build configuration list for PBXNativeTarget "判断当前网络状态" */ = {
			isa = XCConfigurationList;
			buildConfigurations = (
				509526B61B2827F800E56184 /* Debug */,
				509526B71B2827F800E56184 /* Release */,
			);
			defaultConfigurationIsVisible = 0;
		};
		509526B81B2827F800E56184 /* Build configuration list for PBXNativeTarget "判断当前网络状态Tests" */ = {
			isa = XCConfigurationList;
			buildConfigurations = (
				509526B91B2827F800E56184 /* Debug */,
				509526BA1B2827F800E56184 /* Release */,
			);
			defaultConfigurationIsVisible = 0;
		};
/* End XCConfigurationList section */
	};
	rootObject = 5095268A1B2827F800E56184 /* Project object */;
}
